// !$*UTF8*$!
{
	archiveVersion = 1;
	classes = {
	};
	objectVersion = 56;
	objects = {

/* Begin PBXBuildFile section */
		C401402E2940AF8900BC1B54 /* AppDelegate.swift in Sources */ = {isa = PBXBuildFile; fileRef = C401402D2940AF8900BC1B54 /* AppDelegate.swift */; };
		C40140302940AF8900BC1B54 /* SceneDelegate.swift in Sources */ = {isa = PBXBuildFile; fileRef = C401402F2940AF8900BC1B54 /* SceneDelegate.swift */; };
		C40140322940AF8900BC1B54 /* ViewController.swift in Sources */ = {isa = PBXBuildFile; fileRef = C40140312940AF8900BC1B54 /* ViewController.swift */; };
		C40140352940AF8900BC1B54 /* Main.storyboard in Resources */ = {isa = PBXBuildFile; fileRef = C40140332940AF8900BC1B54 /* Main.storyboard */; };
		C40140372940AF8A00BC1B54 /* Assets.xcassets in Resources */ = {isa = PBXBuildFile; fileRef = C40140362940AF8A00BC1B54 /* Assets.xcassets */; };
		C401403A2940AF8A00BC1B54 /* LaunchScreen.storyboard in Resources */ = {isa = PBXBuildFile; fileRef = C40140382940AF8A00BC1B54 /* LaunchScreen.storyboard */; };
		C40140452940AF8A00BC1B54 /* LLNetworkAccessibilityDemoTests.swift in Sources */ = {isa = PBXBuildFile; fileRef = C40140442940AF8A00BC1B54 /* LLNetworkAccessibilityDemoTests.swift */; };
		C401404F2940AF8A00BC1B54 /* LLNetworkAccessibilityDemoUITests.swift in Sources */ = {isa = PBXBuildFile; fileRef = C401404E2940AF8A00BC1B54 /* LLNetworkAccessibilityDemoUITests.swift */; };
		C40140512940AF8A00BC1B54 /* LLNetworkAccessibilityDemoUITestsLaunchTests.swift in Sources */ = {isa = PBXBuildFile; fileRef = C40140502940AF8A00BC1B54 /* LLNetworkAccessibilityDemoUITestsLaunchTests.swift */; };
		C40140612940AFD600BC1B54 /* LLNetworkAccessibility.swift in Sources */ = {isa = PBXBuildFile; fileRef = C401405E2940AFD600BC1B54 /* LLNetworkAccessibility.swift */; };
		C40140652940AFDB00BC1B54 /* LLAccessibilityAlertController.swift in Sources */ = {isa = PBXBuildFile; fileRef = C40140642940AFDB00BC1B54 /* LLAccessibilityAlertController.swift */; };
		C40140D62940B5C900BC1B54 /* LLAccessibilityImage_1.png in Resources */ = {isa = PBXBuildFile; fileRef = C40140D42940B5C900BC1B54 /* LLAccessibilityImage_1.png */; };
		C40140D72940B5C900BC1B54 /* LLAccessibilityImage_2.png in Resources */ = {isa = PBXBuildFile; fileRef = C40140D52940B5C900BC1B54 /* LLAccessibilityImage_2.png */; };
/* End PBXBuildFile section */

/* Begin PBXContainerItemProxy section */
		C40140412940AF8A00BC1B54 /* PBXContainerItemProxy */ = {
			isa = PBXContainerItemProxy;
			containerPortal = C40140222940AF8900BC1B54 /* Project object */;
			proxyType = 1;
			remoteGlobalIDString = C40140292940AF8900BC1B54;
			remoteInfo = LLNetworkAccessibilityDemo;
		};
		C401404B2940AF8A00BC1B54 /* PBXContainerItemProxy */ = {
			isa = PBXContainerItemProxy;
			containerPortal = C40140222940AF8900BC1B54 /* Project object */;
			proxyType = 1;
			remoteGlobalIDString = C40140292940AF8900BC1B54;
			remoteInfo = LLNetworkAccessibilityDemo;
		};
/* End PBXContainerItemProxy section */

/* Begin PBXFileReference section */
		C401402A2940AF8900BC1B54 /* LLNetworkAccessibilityDemo.app */ = {isa = PBXFileReference; explicitFileType = wrapper.application; includeInIndex = 0; path = LLNetworkAccessibilityDemo.app; sourceTree = BUILT_PRODUCTS_DIR; };
		C401402D2940AF8900BC1B54 /* AppDelegate.swift */ = {isa = PBXFileReference; lastKnownFileType = sourcecode.swift; path = AppDelegate.swift; sourceTree = "<group>"; };
		C401402F2940AF8900BC1B54 /* SceneDelegate.swift */ = {isa = PBXFileReference; lastKnownFileType = sourcecode.swift; path = SceneDelegate.swift; sourceTree = "<group>"; };
		C40140312940AF8900BC1B54 /* ViewController.swift */ = {isa = PBXFileReference; lastKnownFileType = sourcecode.swift; path = ViewController.swift; sourceTree = "<group>"; };
		C40140342940AF8900BC1B54 /* Base */ = {isa = PBXFileReference; lastKnownFileType = file.storyboard; name = Base; path = Base.lproj/Main.storyboard; sourceTree = "<group>"; };
		C40140362940AF8A00BC1B54 /* Assets.xcassets */ = {isa = PBXFileReference; lastKnownFileType = folder.assetcatalog; path = Assets.xcassets; sourceTree = "<group>"; };
		C40140392940AF8A00BC1B54 /* Base */ = {isa = PBXFileReference; lastKnownFileType = file.storyboard; name = Base; path = Base.lproj/LaunchScreen.storyboard; sourceTree = "<group>"; };
		C401403B2940AF8A00BC1B54 /* Info.plist */ = {isa = PBXFileReference; lastKnownFileType = text.plist.xml; path = Info.plist; sourceTree = "<group>"; };
		C40140402940AF8A00BC1B54 /* LLNetworkAccessibilityDemoTests.xctest */ = {isa = PBXFileReference; explicitFileType = wrapper.cfbundle; includeInIndex = 0; path = LLNetworkAccessibilityDemoTests.xctest; sourceTree = BUILT_PRODUCTS_DIR; };
		C40140442940AF8A00BC1B54 /* LLNetworkAccessibilityDemoTests.swift */ = {isa = PBXFileReference; lastKnownFileType = sourcecode.swift; path = LLNetworkAccessibilityDemoTests.swift; sourceTree = "<group>"; };
		C401404A2940AF8A00BC1B54 /* LLNetworkAccessibilityDemoUITests.xctest */ = {isa = PBXFileReference; explicitFileType = wrapper.cfbundle; includeInIndex = 0; path = LLNetworkAccessibilityDemoUITests.xctest; sourceTree = BUILT_PRODUCTS_DIR; };
		C401404E2940AF8A00BC1B54 /* LLNetworkAccessibilityDemoUITests.swift */ = {isa = PBXFileReference; lastKnownFileType = sourcecode.swift; path = LLNetworkAccessibilityDemoUITests.swift; sourceTree = "<group>"; };
		C40140502940AF8A00BC1B54 /* LLNetworkAccessibilityDemoUITestsLaunchTests.swift */ = {isa = PBXFileReference; lastKnownFileType = sourcecode.swift; path = LLNetworkAccessibilityDemoUITestsLaunchTests.swift; sourceTree = "<group>"; };
		C401405E2940AFD600BC1B54 /* LLNetworkAccessibility.swift */ = {isa = PBXFileReference; fileEncoding = 4; lastKnownFileType = sourcecode.swift; path = LLNetworkAccessibility.swift; sourceTree = "<group>"; };
		C40140642940AFDB00BC1B54 /* LLAccessibilityAlertController.swift */ = {isa = PBXFileReference; fileEncoding = 4; lastKnownFileType = sourcecode.swift; path = LLAccessibilityAlertController.swift; sourceTree = "<group>"; };
		C40140D42940B5C900BC1B54 /* LLAccessibilityImage_1.png */ = {isa = PBXFileReference; lastKnownFileType = image.png; path = LLAccessibilityImage_1.png; sourceTree = "<group>"; };
		C40140D52940B5C900BC1B54 /* LLAccessibilityImage_2.png */ = {isa = PBXFileReference; lastKnownFileType = image.png; path = LLAccessibilityImage_2.png; sourceTree = "<group>"; };
/* End PBXFileReference section */

/* Begin PBXFrameworksBuildPhase section */
		C40140272940AF8900BC1B54 /* Frameworks */ = {
			isa = PBXFrameworksBuildPhase;
			buildActionMask = 2147483647;
			files = (
			);
			runOnlyForDeploymentPostprocessing = 0;
		};
		C401403D2940AF8A00BC1B54 /* Frameworks */ = {
			isa = PBXFrameworksBuildPhase;
			buildActionMask = 2147483647;
			files = (
			);
			runOnlyForDeploymentPostprocessing = 0;
		};
		C40140472940AF8A00BC1B54 /* Frameworks */ = {
			isa = PBXFrameworksBuildPhase;
			buildActionMask = 2147483647;
			files = (
			);
			runOnlyForDeploymentPostprocessing = 0;
		};
/* End PBXFrameworksBuildPhase section */

/* Begin PBXGroup section */
		C40140212940AF8900BC1B54 = {
			isa = PBXGroup;
			children = (
				C401405D2940AFC500BC1B54 /* LLNetworkAccessibility */,
				C401402C2940AF8900BC1B54 /* LLNetworkAccessibilityDemo */,
				C40140432940AF8A00BC1B54 /* LLNetworkAccessibilityDemoTests */,
				C401404D2940AF8A00BC1B54 /* LLNetworkAccessibilityDemoUITests */,
				C401402B2940AF8900BC1B54 /* Products */,
			);
			sourceTree = "<group>";
		};
		C401402B2940AF8900BC1B54 /* Products */ = {
			isa = PBXGroup;
			children = (
				C401402A2940AF8900BC1B54 /* LLNetworkAccessibilityDemo.app */,
				C40140402940AF8A00BC1B54 /* LLNetworkAccessibilityDemoTests.xctest */,
				C401404A2940AF8A00BC1B54 /* LLNetworkAccessibilityDemoUITests.xctest */,
			);
			name = Products;
			sourceTree = "<group>";
		};
		C401402C2940AF8900BC1B54 /* LLNetworkAccessibilityDemo */ = {
			isa = PBXGroup;
			children = (
				C401402D2940AF8900BC1B54 /* AppDelegate.swift */,
				C401402F2940AF8900BC1B54 /* SceneDelegate.swift */,
				C40140312940AF8900BC1B54 /* ViewController.swift */,
				C40140332940AF8900BC1B54 /* Main.storyboard */,
				C40140362940AF8A00BC1B54 /* Assets.xcassets */,
				C40140382940AF8A00BC1B54 /* LaunchScreen.storyboard */,
				C401403B2940AF8A00BC1B54 /* Info.plist */,
			);
			path = LLNetworkAccessibilityDemo;
			sourceTree = "<group>";
		};
		C40140432940AF8A00BC1B54 /* LLNetworkAccessibilityDemoTests */ = {
			isa = PBXGroup;
			children = (
				C40140442940AF8A00BC1B54 /* LLNetworkAccessibilityDemoTests.swift */,
			);
			path = LLNetworkAccessibilityDemoTests;
			sourceTree = "<group>";
		};
		C401404D2940AF8A00BC1B54 /* LLNetworkAccessibilityDemoUITests */ = {
			isa = PBXGroup;
			children = (
				C401404E2940AF8A00BC1B54 /* LLNetworkAccessibilityDemoUITests.swift */,
				C40140502940AF8A00BC1B54 /* LLNetworkAccessibilityDemoUITestsLaunchTests.swift */,
			);
			path = LLNetworkAccessibilityDemoUITests;
			sourceTree = "<group>";
		};
		C401405D2940AFC500BC1B54 /* LLNetworkAccessibility */ = {
			isa = PBXGroup;
			children = (
				C40140D42940B5C900BC1B54 /* LLAccessibilityImage_1.png */,
				C40140D52940B5C900BC1B54 /* LLAccessibilityImage_2.png */,
				C401405E2940AFD600BC1B54 /* LLNetworkAccessibility.swift */,
				C40140642940AFDB00BC1B54 /* LLAccessibilityAlertController.swift */,
			);
			path = LLNetworkAccessibility;
			sourceTree = "<group>";
		};
/* End PBXGroup section */

/* Begin PBXNativeTarget section */
		C40140292940AF8900BC1B54 /* LLNetworkAccessibilityDemo */ = {
			isa = PBXNativeTarget;
			buildConfigurationList = C40140542940AF8A00BC1B54 /* Build configuration list for PBXNativeTarget "LLNetworkAccessibilityDemo" */;
			buildPhases = (
				C40140262940AF8900BC1B54 /* Sources */,
				C40140272940AF8900BC1B54 /* Frameworks */,
				C40140282940AF8900BC1B54 /* Resources */,
			);
			buildRules = (
			);
			dependencies = (
			);
			name = LLNetworkAccessibilityDemo;
			productName = LLNetworkAccessibilityDemo;
			productReference = C401402A2940AF8900BC1B54 /* LLNetworkAccessibilityDemo.app */;
			productType = "com.apple.product-type.application";
		};
		C401403F2940AF8A00BC1B54 /* LLNetworkAccessibilityDemoTests */ = {
			isa = PBXNativeTarget;
			buildConfigurationList = C40140572940AF8A00BC1B54 /* Build configuration list for PBXNativeTarget "LLNetworkAccessibilityDemoTests" */;
			buildPhases = (
				C401403C2940AF8A00BC1B54 /* Sources */,
				C401403D2940AF8A00BC1B54 /* Frameworks */,
				C401403E2940AF8A00BC1B54 /* Resources */,
			);
			buildRules = (
			);
			dependencies = (
				C40140422940AF8A00BC1B54 /* PBXTargetDependency */,
			);
			name = LLNetworkAccessibilityDemoTests;
			productName = LLNetworkAccessibilityDemoTests;
			productReference = C40140402940AF8A00BC1B54 /* LLNetworkAccessibilityDemoTests.xctest */;
			productType = "com.apple.product-type.bundle.unit-test";
		};
		C40140492940AF8A00BC1B54 /* LLNetworkAccessibilityDemoUITests */ = {
			isa = PBXNativeTarget;
			buildConfigurationList = C401405A2940AF8A00BC1B54 /* Build configuration list for PBXNativeTarget "LLNetworkAccessibilityDemoUITests" */;
			buildPhases = (
				C40140462940AF8A00BC1B54 /* Sources */,
				C40140472940AF8A00BC1B54 /* Frameworks */,
				C40140482940AF8A00BC1B54 /* Resources */,
			);
			buildRules = (
			);
			dependencies = (
				C401404C2940AF8A00BC1B54 /* PBXTargetDependency */,
			);
			name = LLNetworkAccessibilityDemoUITests;
			productName = LLNetworkAccessibilityDemoUITests;
			productReference = C401404A2940AF8A00BC1B54 /* LLNetworkAccessibilityDemoUITests.xctest */;
			productType = "com.apple.product-type.bundle.ui-testing";
		};
/* End PBXNativeTarget section */

/* Begin PBXProject section */
		C40140222940AF8900BC1B54 /* Project object */ = {
			isa = PBXProject;
			attributes = {
				BuildIndependentTargetsInParallel = 1;
				LastSwiftUpdateCheck = 1410;
				LastUpgradeCheck = 1410;
				TargetAttributes = {
					C40140292940AF8900BC1B54 = {
						CreatedOnToolsVersion = 14.1;
					};
					C401403F2940AF8A00BC1B54 = {
						CreatedOnToolsVersion = 14.1;
						TestTargetID = C40140292940AF8900BC1B54;
					};
					C40140492940AF8A00BC1B54 = {
						CreatedOnToolsVersion = 14.1;
						TestTargetID = C40140292940AF8900BC1B54;
					};
				};
			};
			buildConfigurationList = C40140252940AF8900BC1B54 /* Build configuration list for PBXProject "LLNetworkAccessibilityDemo" */;
			compatibilityVersion = "Xcode 14.0";
			developmentRegion = en;
			hasScannedForEncodings = 0;
			knownRegions = (
				en,
				Base,
			);
			mainGroup = C40140212940AF8900BC1B54;
			productRefGroup = C401402B2940AF8900BC1B54 /* Products */;
			projectDirPath = "";
			projectRoot = "";
			targets = (
				C40140292940AF8900BC1B54 /* LLNetworkAccessibilityDemo */,
				C401403F2940AF8A00BC1B54 /* LLNetworkAccessibilityDemoTests */,
				C40140492940AF8A00BC1B54 /* LLNetworkAccessibilityDemoUITests */,
			);
		};
/* End PBXProject section */

/* Begin PBXResourcesBuildPhase section */
		C40140282940AF8900BC1B54 /* Resources */ = {
			isa = PBXResourcesBuildPhase;
			buildActionMask = 2147483647;
			files = (
				C40140D62940B5C900BC1B54 /* LLAccessibilityImage_1.png in Resources */,
				C401403A2940AF8A00BC1B54 /* LaunchScreen.storyboard in Resources */,
				C40140372940AF8A00BC1B54 /* Assets.xcassets in Resources */,
				C40140352940AF8900BC1B54 /* Main.storyboard in Resources */,
				C40140D72940B5C900BC1B54 /* LLAccessibilityImage_2.png in Resources */,
			);
			runOnlyForDeploymentPostprocessing = 0;
		};
		C401403E2940AF8A00BC1B54 /* Resources */ = {
			isa = PBXResourcesBuildPhase;
			buildActionMask = 2147483647;
			files = (
			);
			runOnlyForDeploymentPostprocessing = 0;
		};
		C40140482940AF8A00BC1B54 /* Resources */ = {
			isa = PBXResourcesBuildPhase;
			buildActionMask = 2147483647;
			files = (
			);
			runOnlyForDeploymentPostprocessing = 0;
		};
/* End PBXResourcesBuildPhase section */

/* Begin PBXSourcesBuildPhase section */
		C40140262940AF8900BC1B54 /* Sources */ = {
			isa = PBXSourcesBuildPhase;
			buildActionMask = 2147483647;
			files = (
				C40140322940AF8900BC1B54 /* ViewController.swift in Sources */,
				C40140612940AFD600BC1B54 /* LLNetworkAccessibility.swift in Sources */,
				C401402E2940AF8900BC1B54 /* AppDelegate.swift in Sources */,
				C40140302940AF8900BC1B54 /* SceneDelegate.swift in Sources */,
				C40140652940AFDB00BC1B54 /* LLAccessibilityAlertController.swift in Sources */,
			);
			runOnlyForDeploymentPostprocessing = 0;
		};
		C401403C2940AF8A00BC1B54 /* Sources */ = {
			isa = PBXSourcesBuildPhase;
			buildActionMask = 2147483647;
			files = (
				C40140452940AF8A00BC1B54 /* LLNetworkAccessibilityDemoTests.swift in Sources */,
			);
			runOnlyForDeploymentPostprocessing = 0;
		};
		C40140462940AF8A00BC1B54 /* Sources */ = {
			isa = PBXSourcesBuildPhase;
			buildActionMask = 2147483647;
			files = (
				C401404F2940AF8A00BC1B54 /* LLNetworkAccessibilityDemoUITests.swift in Sources */,
				C40140512940AF8A00BC1B54 /* LLNetworkAccessibilityDemoUITestsLaunchTests.swift in Sources */,
			);
			runOnlyForDeploymentPostprocessing = 0;
		};
/* End PBXSourcesBuildPhase section */

/* Begin PBXTargetDependency section */
		C40140422940AF8A00BC1B54 /* PBXTargetDependency */ = {
			isa = PBXTargetDependency;
			target = C40140292940AF8900BC1B54 /* LLNetworkAccessibilityDemo */;
			targetProxy = C40140412940AF8A00BC1B54 /* PBXContainerItemProxy */;
		};
		C401404C2940AF8A00BC1B54 /* PBXTargetDependency */ = {
			isa = PBXTargetDependency;
			target = C40140292940AF8900BC1B54 /* LLNetworkAccessibilityDemo */;
			targetProxy = C401404B2940AF8A00BC1B54 /* PBXContainerItemProxy */;
		};
/* End PBXTargetDependency section */

/* Begin PBXVariantGroup section */
		C40140332940AF8900BC1B54 /* Main.storyboard */ = {
			isa = PBXVariantGroup;
			children = (
				C40140342940AF8900BC1B54 /* Base */,
			);
			name = Main.storyboard;
			sourceTree = "<group>";
		};
		C40140382940AF8A00BC1B54 /* LaunchScreen.storyboard */ = {
			isa = PBXVariantGroup;
			children = (
				C40140392940AF8A00BC1B54 /* Base */,
			);
			name = LaunchScreen.storyboard;
			sourceTree = "<group>";
		};
/* End PBXVariantGroup section */

/* Begin XCBuildConfiguration section */
		C40140522940AF8A00BC1B54 /* Debug */ = {
			isa = XCBuildConfiguration;
			buildSettings = {
				ALWAYS_SEARCH_USER_PATHS = NO;
				CLANG_ANALYZER_NONNULL = YES;
				CLANG_ANALYZER_NUMBER_OBJECT_CONVERSION = YES_AGGRESSIVE;
				CLANG_CXX_LANGUAGE_STANDARD = "gnu++20";
				CLANG_ENABLE_MODULES = YES;
				CLANG_ENABLE_OBJC_ARC = YES;
				CLANG_ENABLE_OBJC_WEAK = YES;
				CLANG_WARN_BLOCK_CAPTURE_AUTORELEASING = YES;
				CLANG_WARN_BOOL_CONVERSION = YES;
				CLANG_WARN_COMMA = YES;
				CLANG_WARN_CONSTANT_CONVERSION = YES;
				CLANG_WARN_DEPRECATED_OBJC_IMPLEMENTATIONS = YES;
				CLANG_WARN_DIRECT_OBJC_ISA_USAGE = YES_ERROR;
				CLANG_WARN_DOCUMENTATION_COMMENTS = YES;
				CLANG_WARN_EMPTY_BODY = YES;
				CLANG_WARN_ENUM_CONVERSION = YES;
				CLANG_WARN_INFINITE_RECURSION = YES;
				CLANG_WARN_INT_CONVERSION = YES;
				CLANG_WARN_NON_LITERAL_NULL_CONVERSION = YES;
				CLANG_WARN_OBJC_IMPLICIT_RETAIN_SELF = YES;
				CLANG_WARN_OBJC_LITERAL_CONVERSION = YES;
				CLANG_WARN_OBJC_ROOT_CLASS = YES_ERROR;
				CLANG_WARN_QUOTED_INCLUDE_IN_FRAMEWORK_HEADER = YES;
				CLANG_WARN_RANGE_LOOP_ANALYSIS = YES;
				CLANG_WARN_STRICT_PROTOTYPES = YES;
				CLANG_WARN_SUSPICIOUS_MOVE = YES;
				CLANG_WARN_UNGUARDED_AVAILABILITY = YES_AGGRESSIVE;
				CLANG_WARN_UNREACHABLE_CODE = YES;
				CLANG_WARN__DUPLICATE_METHOD_MATCH = YES;
				COPY_PHASE_STRIP = NO;
				DEBUG_INFORMATION_FORMAT = dwarf;
				ENABLE_STRICT_OBJC_MSGSEND = YES;
				ENABLE_TESTABILITY = YES;
				GCC_C_LANGUAGE_STANDARD = gnu11;
				GCC_DYNAMIC_NO_PIC = NO;
				GCC_NO_COMMON_BLOCKS = YES;
				GCC_OPTIMIZATION_LEVEL = 0;
				GCC_PREPROCESSOR_DEFINITIONS = (
					"DEBUG=1",
					"$(inherited)",
				);
				GCC_WARN_64_TO_32_BIT_CONVERSION = YES;
				GCC_WARN_ABOUT_RETURN_TYPE = YES_ERROR;
				GCC_WARN_UNDECLARED_SELECTOR = YES;
				GCC_WARN_UNINITIALIZED_AUTOS = YES_AGGRESSIVE;
				GCC_WARN_UNUSED_FUNCTION = YES;
				GCC_WARN_UNUSED_VARIABLE = YES;
				IPHONEOS_DEPLOYMENT_TARGET = 13.0;
				MTL_ENABLE_DEBUG_INFO = INCLUDE_SOURCE;
				MTL_FAST_MATH = YES;
				ONLY_ACTIVE_ARCH = YES;
				SDKROOT = iphoneos;
				SWIFT_ACTIVE_COMPILATION_CONDITIONS = DEBUG;
				SWIFT_OPTIMIZATION_LEVEL = "-Onone";
			};
			name = Debug;
		};
		C40140532940AF8A00BC1B54 /* Release */ = {
			isa = XCBuildConfiguration;
			buildSettings = {
				ALWAYS_SEARCH_USER_PATHS = NO;
				CLANG_ANALYZER_NONNULL = YES;
				CLANG_ANALYZER_NUMBER_OBJECT_CONVERSION = YES_AGGRESSIVE;
				CLANG_CXX_LANGUAGE_STANDARD = "gnu++20";
				CLANG_ENABLE_MODULES = YES;
				CLANG_ENABLE_OBJC_ARC = YES;
				CLANG_ENABLE_OBJC_WEAK = YES;
				CLANG_WARN_BLOCK_CAPTURE_AUTORELEASING = YES;
				CLANG_WARN_BOOL_CONVERSION = YES;
				CLANG_WARN_COMMA = YES;
				CLANG_WARN_CONSTANT_CONVERSION = YES;
				CLANG_WARN_DEPRECATED_OBJC_IMPLEMENTATIONS = YES;
				CLANG_WARN_DIRECT_OBJC_ISA_USAGE = YES_ERROR;
				CLANG_WARN_DOCUMENTATION_COMMENTS = YES;
				CLANG_WARN_EMPTY_BODY = YES;
				CLANG_WARN_ENUM_CONVERSION = YES;
				CLANG_WARN_INFINITE_RECURSION = YES;
				CLANG_WARN_INT_CONVERSION = YES;
				CLANG_WARN_NON_LITERAL_NULL_CONVERSION = YES;
				CLANG_WARN_OBJC_IMPLICIT_RETAIN_SELF = YES;
				CLANG_WARN_OBJC_LITERAL_CONVERSION = YES;
				CLANG_WARN_OBJC_ROOT_CLASS = YES_ERROR;
				CLANG_WARN_QUOTED_INCLUDE_IN_FRAMEWORK_HEADER = YES;
				CLANG_WARN_RANGE_LOOP_ANALYSIS = YES;
				CLANG_WARN_STRICT_PROTOTYPES = YES;
				CLANG_WARN_SUSPICIOUS_MOVE = YES;
				CLANG_WARN_UNGUARDED_AVAILABILITY = YES_AGGRESSIVE;
				CLANG_WARN_UNREACHABLE_CODE = YES;
				CLANG_WARN__DUPLICATE_METHOD_MATCH = YES;
				COPY_PHASE_STRIP = NO;
				DEBUG_INFORMATION_FORMAT = "dwarf-with-dsym";
				ENABLE_NS_ASSERTIONS = NO;
				ENABLE_STRICT_OBJC_MSGSEND = YES;
				GCC_C_LANGUAGE_STANDARD = gnu11;
				GCC_NO_COMMON_BLOCKS = YES;
				GCC_WARN_64_TO_32_BIT_CONVERSION = YES;
				GCC_WARN_ABOUT_RETURN_TYPE = YES_ERROR;
				GCC_WARN_UNDECLARED_SELECTOR = YES;
				GCC_WARN_UNINITIALIZED_AUTOS = YES_AGGRESSIVE;
				GCC_WARN_UNUSED_FUNCTION = YES;
				GCC_WARN_UNUSED_VARIABLE = YES;
				IPHONEOS_DEPLOYMENT_TARGET = 13.0;
				MTL_ENABLE_DEBUG_INFO = NO;
				MTL_FAST_MATH = YES;
				SDKROOT = iphoneos;
				SWIFT_COMPILATION_MODE = wholemodule;
				SWIFT_OPTIMIZATION_LEVEL = "-O";
				VALIDATE_PRODUCT = YES;
			};
			name = Release;
		};
		C40140552940AF8A00BC1B54 /* Debug */ = {
			isa = XCBuildConfiguration;
			buildSettings = {
				ASSETCATALOG_COMPILER_APPICON_NAME = AppIcon;
				ASSETCATALOG_COMPILER_GLOBAL_ACCENT_COLOR_NAME = AccentColor;
				CODE_SIGN_STYLE = Automatic;
				CURRENT_PROJECT_VERSION = 1;
				DEVELOPMENT_TEAM = P434QUZTFY;
				GENERATE_INFOPLIST_FILE = YES;
				INFOPLIST_FILE = LLNetworkAccessibilityDemo/Info.plist;
				INFOPLIST_KEY_UIApplicationSupportsIndirectInputEvents = YES;
				INFOPLIST_KEY_UILaunchStoryboardName = LaunchScreen;
				INFOPLIST_KEY_UIMainStoryboardFile = Main;
				INFOPLIST_KEY_UISupportedInterfaceOrientations_iPad = "UIInterfaceOrientationPortrait UIInterfaceOrientationPortraitUpsideDown UIInterfaceOrientationLandscapeLeft UIInterfaceOrientationLandscapeRight";
				INFOPLIST_KEY_UISupportedInterfaceOrientations_iPhone = "UIInterfaceOrientationPortrait UIInterfaceOrientationLandscapeLeft UIInterfaceOrientationLandscapeRight";
				LD_RUNPATH_SEARCH_PATHS = (
					"$(inherited)",
					"@executable_path/Frameworks",
				);
				MARKETING_VERSION = 1.0;
				PRODUCT_BUNDLE_IDENTIFIER = Lanlin.LLNetworkAccessibilityDemo;
				PRODUCT_NAME = "$(TARGET_NAME)";
				SWIFT_EMIT_LOC_STRINGS = YES;
				SWIFT_VERSION = 5.0;
				TARGETED_DEVICE_FAMILY = "1,2";
			};
			name = Debug;
		};
		C40140562940AF8A00BC1B54 /* Release */ = {
			isa = XCBuildConfiguration;
			buildSettings = {
				ASSETCATALOG_COMPILER_APPICON_NAME = AppIcon;
				ASSETCATALOG_COMPILER_GLOBAL_ACCENT_COLOR_NAME = AccentColor;
				CODE_SIGN_STYLE = Automatic;
				CURRENT_PROJECT_VERSION = 1;
				DEVELOPMENT_TEAM = P434QUZTFY;
				GENERATE_INFOPLIST_FILE = YES;
				INFOPLIST_FILE = LLNetworkAccessibilityDemo/Info.plist;
				INFOPLIST_KEY_UIApplicationSupportsIndirectInputEvents = YES;
				INFOPLIST_KEY_UILaunchStoryboardName = LaunchScreen;
				INFOPLIST_KEY_UIMainStoryboardFile = Main;
				INFOPLIST_KEY_UISupportedInterfaceOrientations_iPad = "UIInterfaceOrientationPortrait UIInterfaceOrientationPortraitUpsideDown UIInterfaceOrientationLandscapeLeft UIInterfaceOrientationLandscapeRight";
				INFOPLIST_KEY_UISupportedInterfaceOrientations_iPhone = "UIInterfaceOrientationPortrait UIInterfaceOrientationLandscapeLeft UIInterfaceOrientationLandscapeRight";
				LD_RUNPATH_SEARCH_PATHS = (
					"$(inherited)",
					"@executable_path/Frameworks",
				);
				MARKETING_VERSION = 1.0;
				PRODUCT_BUNDLE_IDENTIFIER = Lanlin.LLNetworkAccessibilityDemo;
				PRODUCT_NAME = "$(TARGET_NAME)";
				SWIFT_EMIT_LOC_STRINGS = YES;
				SWIFT_VERSION = 5.0;
				TARGETED_DEVICE_FAMILY = "1,2";
			};
			name = Release;
		};
		C40140582940AF8A00BC1B54 /* Debug */ = {
			isa = XCBuildConfiguration;
			buildSettings = {
				ALWAYS_EMBED_SWIFT_STANDARD_LIBRARIES = YES;
				BUNDLE_LOADER = "$(TEST_HOST)";
				CODE_SIGN_STYLE = Automatic;
				CURRENT_PROJECT_VERSION = 1;
				DEVELOPMENT_TEAM = 48RNR77GFN;
				GENERATE_INFOPLIST_FILE = YES;
				IPHONEOS_DEPLOYMENT_TARGET = 16.1;
				MARKETING_VERSION = 1.0;
				PRODUCT_BUNDLE_IDENTIFIER = Lanlin.LLNetworkAccessibilityDemoTests;
				PRODUCT_NAME = "$(TARGET_NAME)";
				SWIFT_EMIT_LOC_STRINGS = NO;
				SWIFT_VERSION = 5.0;
				TARGETED_DEVICE_FAMILY = "1,2";
				TEST_HOST = "$(BUILT_PRODUCTS_DIR)/LLNetworkAccessibilityDemo.app/$(BUNDLE_EXECUTABLE_FOLDER_PATH)/LLNetworkAccessibilityDemo";
			};
			name = Debug;
		};
		C40140592940AF8A00BC1B54 /* Release */ = {
			isa = XCBuildConfiguration;
			buildSettings = {
				ALWAYS_EMBED_SWIFT_STANDARD_LIBRARIES = YES;
				BUNDLE_LOADER = "$(TEST_HOST)";
				CODE_SIGN_STYLE = Automatic;
				CURRENT_PROJECT_VERSION = 1;
				DEVELOPMENT_TEAM = 48RNR77GFN;
				GENERATE_INFOPLIST_FILE = YES;
				IPHONEOS_DEPLOYMENT_TARGET = 16.1;
				MARKETING_VERSION = 1.0;
				PRODUCT_BUNDLE_IDENTIFIER = Lanlin.LLNetworkAccessibilityDemoTests;
				PRODUCT_NAME = "$(TARGET_NAME)";
				SWIFT_EMIT_LOC_STRINGS = NO;
				SWIFT_VERSION = 5.0;
				TARGETED_DEVICE_FAMILY = "1,2";
				TEST_HOST = "$(BUILT_PRODUCTS_DIR)/LLNetworkAccessibilityDemo.app/$(BUNDLE_EXECUTABLE_FOLDER_PATH)/LLNetworkAccessibilityDemo";
			};
			name = Release;
		};
		C401405B2940AF8A00BC1B54 /* Debug */ = {
			isa = XCBuildConfiguration;
			buildSettings = {
				ALWAYS_EMBED_SWIFT_STANDARD_LIBRARIES = YES;
				CODE_SIGN_STYLE = Automatic;
				CURRENT_PROJECT_VERSION = 1;
				DEVELOPMENT_TEAM = 48RNR77GFN;
				GENERATE_INFOPLIST_FILE = YES;
				MARKETING_VERSION = 1.0;
				PRODUCT_BUNDLE_IDENTIFIER = Lanlin.LLNetworkAccessibilityDemoUITests;
				PRODUCT_NAME = "$(TARGET_NAME)";
				SWIFT_EMIT_LOC_STRINGS = NO;
				SWIFT_VERSION = 5.0;
				TARGETED_DEVICE_FAMILY = "1,2";
				TEST_TARGET_NAME = LLNetworkAccessibilityDemo;
			};
			name = Debug;
		};
		C401405C2940AF8A00BC1B54 /* Release */ = {
			isa = XCBuildConfiguration;
			buildSettings = {
				ALWAYS_EMBED_SWIFT_STANDARD_LIBRARIES = YES;
				CODE_SIGN_STYLE = Automatic;
				CURRENT_PROJECT_VERSION = 1;
				DEVELOPMENT_TEAM = 48RNR77GFN;
				GENERATE_INFOPLIST_FILE = YES;
				MARKETING_VERSION = 1.0;
				PRODUCT_BUNDLE_IDENTIFIER = Lanlin.LLNetworkAccessibilityDemoUITests;
				PRODUCT_NAME = "$(TARGET_NAME)";
				SWIFT_EMIT_LOC_STRINGS = NO;
				SWIFT_VERSION = 5.0;
				TARGETED_DEVICE_FAMILY = "1,2";
				TEST_TARGET_NAME = LLNetworkAccessibilityDemo;
			};
			name = Release;
		};
/* End XCBuildConfiguration section */

/* Begin XCConfigurationList section */
		C40140252940AF8900BC1B54 /* Build configuration list for PBXProject "LLNetworkAccessibilityDemo" */ = {
			isa = XCConfigurationList;
			buildConfigurations = (
				C40140522940AF8A00BC1B54 /* Debug */,
				C40140532940AF8A00BC1B54 /* Release */,
			);
			defaultConfigurationIsVisible = 0;
			defaultConfigurationName = Release;
		};
		C40140542940AF8A00BC1B54 /* Build configuration list for PBXNativeTarget "LLNetworkAccessibilityDemo" */ = {
			isa = XCConfigurationList;
			buildConfigurations = (
				C40140552940AF8A00BC1B54 /* Debug */,
				C40140562940AF8A00BC1B54 /* Release */,
			);
			defaultConfigurationIsVisible = 0;
			defaultConfigurationName = Release;
		};
		C40140572940AF8A00BC1B54 /* Build configuration list for PBXNativeTarget "LLNetworkAccessibilityDemoTests" */ = {
			isa = XCConfigurationList;
			buildConfigurations = (
				C40140582940AF8A00BC1B54 /* Debug */,
				C40140592940AF8A00BC1B54 /* Release */,
			);
			defaultConfigurationIsVisible = 0;
			defaultConfigurationName = Release;
		};
		C401405A2940AF8A00BC1B54 /* Build configuration list for PBXNativeTarget "LLNetworkAccessibilityDemoUITests" */ = {
			isa = XCConfigurationList;
			buildConfigurations = (
				C401405B2940AF8A00BC1B54 /* Debug */,
				C401405C2940AF8A00BC1B54 /* Release */,
			);
			defaultConfigurationIsVisible = 0;
			defaultConfigurationName = Release;
		};
/* End XCConfigurationList section */
	};
	rootObject = C40140222940AF8900BC1B54 /* Project object */;
}
